
Microsoft Visual Studio Solution File, Format Version 12.00
# Visual Studio Version 16
VisualStudioVersion = 16.0.29519.87
MinimumVisualStudioVersion = 10.0.40219.1
Project("{FAE04EC0-301F-11D3-BF4B-00C04F79EFBC}") = "BackendProductApi", "BackendProductApi\BackendProductApi.csproj", "{348E65DB-8F72-41F9-B876-AFCADA123D38}"
EndProject
Project("{FAE04EC0-301F-11D3-BF4B-00C04F79EFBC}") = "BackendProductApi.Aplicacion", "BackendProductApi.Aplicacion\BackendProductApi.Aplicacion.csproj", "{07A1CD12-927D-443C-B7E1-BDAC5FC20536}"
EndProject
Project("{FAE04EC0-301F-11D3-BF4B-00C04F79EFBC}") = "BackendProductApi.Dominio", "BackendProductApi.Dominio\BackendProductApi.Dominio.csproj", "{460AFC8F-5008-4854-BC23-F0C3AF26999B}"
EndProject
Project("{FAE04EC0-301F-11D3-BF4B-00C04F79EFBC}") = "BackendProductApi.Infraestructura", "BackendProductApi.Infraestructura\BackendProductApi.Infraestructura.csproj", "{28EDC547-C59E-4D9F-BDFA-A43DC17294B1}"
EndProject
Project("{FAE04EC0-301F-11D3-BF4B-00C04F79EFBC}") = "BackendProductApi.IoC", "BackendProductApi.IoC\BackendProductApi.IoC.csproj", "{2C318AF0-0B23-4EF6-ADBA-6EDFBC5E5AE2}"
EndProject
Global
	GlobalSection(SolutionConfigurationPlatforms) = preSolution
		Debug|Any CPU = Debug|Any CPU
		Release|Any CPU = Release|Any CPU
	EndGlobalSection
	GlobalSection(ProjectConfigurationPlatforms) = postSolution
		{348E65DB-8F72-41F9-B876-AFCADA123D38}.Debug|Any CPU.ActiveCfg = Debug|Any CPU
		{348E65DB-8F72-41F9-B876-AFCADA123D38}.Debug|Any CPU.Build.0 = Debug|Any CPU
		{348E65DB-8F72-41F9-B876-AFCADA123D38}.Release|Any CPU.ActiveCfg = Release|Any CPU
		{348E65DB-8F72-41F9-B876-AFCADA123D38}.Release|Any CPU.Build.0 = Release|Any CPU
		{07A1CD12-927D-443C-B7E1-BDAC5FC20536}.Debug|Any CPU.ActiveCfg = Debug|Any CPU
		{07A1CD12-927D-443C-B7E1-BDAC5FC20536}.Debug|Any CPU.Build.0 = Debug|Any CPU
		{07A1CD12-927D-443C-B7E1-BDAC5FC20536}.Release|Any CPU.ActiveCfg = Release|Any CPU
		{07A1CD12-927D-443C-B7E1-BDAC5FC20536}.Release|Any CPU.Build.0 = Release|Any CPU
		{460AFC8F-5008-4854-BC23-F0C3AF26999B}.Debug|Any CPU.ActiveCfg = Debug|Any CPU
		{460AFC8F-5008-4854-BC23-F0C3AF26999B}.Debug|Any CPU.Build.0 = Debug|Any CPU
		{460AFC8F-5008-4854-BC23-F0C3AF26999B}.Release|Any CPU.ActiveCfg = Release|Any CPU
		{460AFC8F-5008-4854-BC23-F0C3AF26999B}.Release|Any CPU.Build.0 = Release|Any CPU
		{28EDC547-C59E-4D9F-BDFA-A43DC17294B1}.Debug|Any CPU.ActiveCfg = Debug|Any CPU
		{28EDC547-C59E-4D9F-BDFA-A43DC17294B1}.Debug|Any CPU.Build.0 = Debug|Any CPU
		{28EDC547-C59E-4D9F-BDFA-A43DC17294B1}.Release|Any CPU.ActiveCfg = Release|Any CPU
		{28EDC547-C59E-4D9F-BDFA-A43DC17294B1}.Release|Any CPU.Build.0 = Release|Any CPU
		{2C318AF0-0B23-4EF6-ADBA-6EDFBC5E5AE2}.Debug|Any CPU.ActiveCfg = Debug|Any CPU
		{2C318AF0-0B23-4EF6-ADBA-6EDFBC5E5AE2}.Debug|Any CPU.Build.0 = Debug|Any CPU
		{2C318AF0-0B23-4EF6-ADBA-6EDFBC5E5AE2}.Release|Any CPU.ActiveCfg = Release|Any CPU
		{2C318AF0-0B23-4EF6-ADBA-6EDFBC5E5AE2}.Release|Any CPU.Build.0 = Release|Any CPU
	EndGlobalSection
	GlobalSection(SolutionProperties) = preSolution
		HideSolutionNode = FALSE
	EndGlobalSection
	GlobalSection(ExtensibilityGlobals) = postSolution
		SolutionGuid = {B384AF68-819D-44A5-A881-B49098828413}
	EndGlobalSection
EndGlobal
